<Solution>
  <Folder Name="/Task0/">
    <Project Path="Tyuiu.PervuhinEYu.Sprint1.Task0.V13.Lib/Tyuiu.PervuhinEYu.Sprint1.Task0.V13.Lib.csproj" />
    <Project Path="Tyuiu.PervuhinEYu.Sprint1.Task0.V13.Test/Tyuiu.PervuhinEYu.Sprint1.Task0.V13.Test.csproj" />
    <Project Path="Tyuiu.PervuhinEYu.Sprint1.Task0.V13/Tyuiu.PervuhinEYu.Sprint1.Task0.V13.csproj" />
  </Folder>
</Solution>
